
Microsoft Visual Studio Solution File, Format Version 12.00
# Visual Studio Version 17
VisualStudioVersion = 17.3.32811.315
MinimumVisualStudioVersion = 10.0.40219.1
Project("{FAE04EC0-301F-11D3-BF4B-00C04F79EFBC}") = "WpfGraphicsAndMultimediaSamples", "WpfGraphicsAndMultimediaSamples\WpfGraphicsAndMultimediaSamples.csproj", "{2F92A2A7-7AD8-461F-88B8-D6285A1FC491}"
EndProject
Global
	GlobalSection(SolutionConfigurationPlatforms) = preSolution
		Debug|Any CPU = Debug|Any CPU
		Release|Any CPU = Release|Any CPU
	EndGlobalSection
	GlobalSection(ProjectConfigurationPlatforms) = postSolution
		{2F92A2A7-7AD8-461F-88B8-D6285A1FC491}.Debug|Any CPU.ActiveCfg = Debug|Any CPU
		{2F92A2A7-7AD8-461F-88B8-D6285A1FC491}.Debug|Any CPU.Build.0 = Debug|Any CPU
		{2F92A2A7-7AD8-461F-88B8-D6285A1FC491}.Release|Any CPU.ActiveCfg = Release|Any CPU
		{2F92A2A7-7AD8-461F-88B8-D6285A1FC491}.Release|Any CPU.Build.0 = Release|Any CPU
	EndGlobalSection
	GlobalSection(SolutionProperties) = preSolution
		HideSolutionNode = FALSE
	EndGlobalSection
	GlobalSection(ExtensibilityGlobals) = postSolution
		SolutionGuid = {81AED7D3-4D53-4536-9FBA-EDE0C251CB17}
	EndGlobalSection
EndGlobal
